// !$*UTF8*$!
{
	archiveVersion = 1;
	classes = {
	};
	objectVersion = 50;
	objects = {

/* Begin PBXBuildFile section */
		958F23132A686969901F7B10 /* Pods_iTiluz.framework in Frameworks */ = {isa = PBXBuildFile; fileRef = BA8D055063DB677727D226A1 /* Pods_iTiluz.framework */; };
		CC2B980A228898D000CE55A4 /* AppDelegate.swift in Sources */ = {isa = PBXBuildFile; fileRef = CC2B9809228898D000CE55A4 /* AppDelegate.swift */; };
		CC2B980C228898D000CE55A4 /* TranslateViewController.swift in Sources */ = {isa = PBXBuildFile; fileRef = CC2B980B228898D000CE55A4 /* TranslateViewController.swift */; };
		CC2B980E228898D000CE55A4 /* SavedViewController.swift in Sources */ = {isa = PBXBuildFile; fileRef = CC2B980D228898D000CE55A4 /* SavedViewController.swift */; };
		CC2B9811228898D000CE55A4 /* Main.storyboard in Resources */ = {isa = PBXBuildFile; fileRef = CC2B980F228898D000CE55A4 /* Main.storyboard */; };
		CC2B9813228898D100CE55A4 /* Assets.xcassets in Resources */ = {isa = PBXBuildFile; fileRef = CC2B9812228898D100CE55A4 /* Assets.xcassets */; };
		CC2B9816228898D100CE55A4 /* LaunchScreen.storyboard in Resources */ = {isa = PBXBuildFile; fileRef = CC2B9814228898D100CE55A4 /* LaunchScreen.storyboard */; };
		CC788DED2288E2C80014AFEA /* SettingsViewController.swift in Sources */ = {isa = PBXBuildFile; fileRef = CC788DEC2288E2C80014AFEA /* SettingsViewController.swift */; };
/* End PBXBuildFile section */

/* Begin PBXFileReference section */
		9C9A35426C4AF4BFA5FEE6EC /* Pods-iTiluz.release.xcconfig */ = {isa = PBXFileReference; includeInIndex = 1; lastKnownFileType = text.xcconfig; name = "Pods-iTiluz.release.xcconfig"; path = "Target Support Files/Pods-iTiluz/Pods-iTiluz.release.xcconfig"; sourceTree = "<group>"; };
		BA8D055063DB677727D226A1 /* Pods_iTiluz.framework */ = {isa = PBXFileReference; explicitFileType = wrapper.framework; includeInIndex = 0; path = Pods_iTiluz.framework; sourceTree = BUILT_PRODUCTS_DIR; };
		CC2B9806228898CF00CE55A4 /* iTiluz.app */ = {isa = PBXFileReference; explicitFileType = wrapper.application; includeInIndex = 0; path = iTiluz.app; sourceTree = BUILT_PRODUCTS_DIR; };
		CC2B9809228898D000CE55A4 /* AppDelegate.swift */ = {isa = PBXFileReference; lastKnownFileType = sourcecode.swift; path = AppDelegate.swift; sourceTree = "<group>"; };
		CC2B980B228898D000CE55A4 /* TranslateViewController.swift */ = {isa = PBXFileReference; lastKnownFileType = sourcecode.swift; path = TranslateViewController.swift; sourceTree = "<group>"; };
		CC2B980D228898D000CE55A4 /* SavedViewController.swift */ = {isa = PBXFileReference; lastKnownFileType = sourcecode.swift; path = SavedViewController.swift; sourceTree = "<group>"; };
		CC2B9810228898D000CE55A4 /* Base */ = {isa = PBXFileReference; lastKnownFileType = file.storyboard; name = Base; path = Base.lproj/Main.storyboard; sourceTree = "<group>"; };
		CC2B9812228898D100CE55A4 /* Assets.xcassets */ = {isa = PBXFileReference; lastKnownFileType = folder.assetcatalog; path = Assets.xcassets; sourceTree = "<group>"; };
		CC2B9815228898D100CE55A4 /* Base */ = {isa = PBXFileReference; lastKnownFileType = file.storyboard; name = Base; path = Base.lproj/LaunchScreen.storyboard; sourceTree = "<group>"; };
		CC2B9817228898D100CE55A4 /* Info.plist */ = {isa = PBXFileReference; lastKnownFileType = text.plist.xml; path = Info.plist; sourceTree = "<group>"; };
		CC788DEC2288E2C80014AFEA /* SettingsViewController.swift */ = {isa = PBXFileReference; lastKnownFileType = sourcecode.swift; path = SettingsViewController.swift; sourceTree = "<group>"; };
		E35087A1A014D5924EC77881 /* Pods-iTiluz.debug.xcconfig */ = {isa = PBXFileReference; includeInIndex = 1; lastKnownFileType = text.xcconfig; name = "Pods-iTiluz.debug.xcconfig"; path = "Target Support Files/Pods-iTiluz/Pods-iTiluz.debug.xcconfig"; sourceTree = "<group>"; };
/* End PBXFileReference section */

/* Begin PBXFrameworksBuildPhase section */
		CC2B9803228898CF00CE55A4 /* Frameworks */ = {
			isa = PBXFrameworksBuildPhase;
			buildActionMask = 2147483647;
			files = (
				958F23132A686969901F7B10 /* Pods_iTiluz.framework in Frameworks */,
			);
			runOnlyForDeploymentPostprocessing = 0;
		};
/* End PBXFrameworksBuildPhase section */

/* Begin PBXGroup section */
		76E7D4AB799600FCE7061D37 /* Frameworks */ = {
			isa = PBXGroup;
			children = (
				BA8D055063DB677727D226A1 /* Pods_iTiluz.framework */,
			);
			name = Frameworks;
			sourceTree = "<group>";
		};
		ACB66174431D088A31EEF8E5 /* Pods */ = {
			isa = PBXGroup;
			children = (
				E35087A1A014D5924EC77881 /* Pods-iTiluz.debug.xcconfig */,
				9C9A35426C4AF4BFA5FEE6EC /* Pods-iTiluz.release.xcconfig */,
			);
			name = Pods;
			path = Pods;
			sourceTree = "<group>";
		};
		CC2B97FD228898CF00CE55A4 = {
			isa = PBXGroup;
			children = (
				CC2B9808228898CF00CE55A4 /* iTiluz */,
				CC2B9807228898CF00CE55A4 /* Products */,
				ACB66174431D088A31EEF8E5 /* Pods */,
				76E7D4AB799600FCE7061D37 /* Frameworks */,
			);
			sourceTree = "<group>";
		};
		CC2B9807228898CF00CE55A4 /* Products */ = {
			isa = PBXGroup;
			children = (
				CC2B9806228898CF00CE55A4 /* iTiluz.app */,
			);
			name = Products;
			sourceTree = "<group>";
		};
		CC2B9808228898CF00CE55A4 /* iTiluz */ = {
			isa = PBXGroup;
			children = (
				CC2B9809228898D000CE55A4 /* AppDelegate.swift */,
				CC2B980B228898D000CE55A4 /* TranslateViewController.swift */,
				CC2B980D228898D000CE55A4 /* SavedViewController.swift */,
				CC788DEC2288E2C80014AFEA /* SettingsViewController.swift */,
				CC2B980F228898D000CE55A4 /* Main.storyboard */,
				CC2B9812228898D100CE55A4 /* Assets.xcassets */,
				CC2B9814228898D100CE55A4 /* LaunchScreen.storyboard */,
				CC2B9817228898D100CE55A4 /* Info.plist */,
			);
			path = iTiluz;
			sourceTree = "<group>";
		};
/* End PBXGroup section */

/* Begin PBXNativeTarget section */
		CC2B9805228898CF00CE55A4 /* iTiluz */ = {
			isa = PBXNativeTarget;
			buildConfigurationList = CC2B981A228898D100CE55A4 /* Build configuration list for PBXNativeTarget "iTiluz" */;
			buildPhases = (
				75CA13CADCF202D01726C5ED /* [CP] Check Pods Manifest.lock */,
				CC2B9802228898CF00CE55A4 /* Sources */,
				CC2B9803228898CF00CE55A4 /* Frameworks */,
				CC2B9804228898CF00CE55A4 /* Resources */,
				F05A05834F2930F545797663 /* [CP] Embed Pods Frameworks */,
			);
			buildRules = (
			);
			dependencies = (
			);
			name = iTiluz;
			productName = iTiluz;
			productReference = CC2B9806228898CF00CE55A4 /* iTiluz.app */;
			productType = "com.apple.product-type.application";
		};
/* End PBXNativeTarget section */

/* Begin PBXProject section */
		CC2B97FE228898CF00CE55A4 /* Project object */ = {
			isa = PBXProject;
			attributes = {
				LastSwiftUpdateCheck = 1020;
				LastUpgradeCheck = 1020;
				ORGANIZATIONNAME = "Jakhongir Khusanov";
				TargetAttributes = {
					CC2B9805228898CF00CE55A4 = {
						CreatedOnToolsVersion = 10.2.1;
					};
				};
			};
			buildConfigurationList = CC2B9801228898CF00CE55A4 /* Build configuration list for PBXProject "iTiluz" */;
			compatibilityVersion = "Xcode 9.3";
			developmentRegion = en;
			hasScannedForEncodings = 0;
			knownRegions = (
				en,
				Base,
			);
			mainGroup = CC2B97FD228898CF00CE55A4;
			productRefGroup = CC2B9807228898CF00CE55A4 /* Products */;
			projectDirPath = "";
			projectRoot = "";
			targets = (
				CC2B9805228898CF00CE55A4 /* iTiluz */,
			);
		};
/* End PBXProject section */

/* Begin PBXResourcesBuildPhase section */
		CC2B9804228898CF00CE55A4 /* Resources */ = {
			isa = PBXResourcesBuildPhase;
			buildActionMask = 2147483647;
			files = (
				CC2B9816228898D100CE55A4 /* LaunchScreen.storyboard in Resources */,
				CC2B9813228898D100CE55A4 /* Assets.xcassets in Resources */,
				CC2B9811228898D000CE55A4 /* Main.storyboard in Resources */,
			);
			runOnlyForDeploymentPostprocessing = 0;
		};
/* End PBXResourcesBuildPhase section */

/* Begin PBXShellScriptBuildPhase section */
		75CA13CADCF202D01726C5ED /* [CP] Check Pods Manifest.lock */ = {
			isa = PBXShellScriptBuildPhase;
			buildActionMask = 2147483647;
			files = (
			);
			inputFileListPaths = (
			);
			inputPaths = (
				"${PODS_PODFILE_DIR_PATH}/Podfile.lock",
				"${PODS_ROOT}/Manifest.lock",
			);
			name = "[CP] Check Pods Manifest.lock";
			outputFileListPaths = (
			);
			outputPaths = (
				"$(DERIVED_FILE_DIR)/Pods-iTiluz-checkManifestLockResult.txt",
			);
			runOnlyForDeploymentPostprocessing = 0;
			shellPath = /bin/sh;
			shellScript = "diff \"${PODS_PODFILE_DIR_PATH}/Podfile.lock\" \"${PODS_ROOT}/Manifest.lock\" > /dev/null\nif [ $? != 0 ] ; then\n    # print error to STDERR\n    echo \"error: The sandbox is not in sync with the Podfile.lock. Run 'pod install' or update your CocoaPods installation.\" >&2\n    exit 1\nfi\n# This output is used by Xcode 'outputs' to avoid re-running this script phase.\necho \"SUCCESS\" > \"${SCRIPT_OUTPUT_FILE_0}\"\n";
			showEnvVarsInLog = 0;
		};
		F05A05834F2930F545797663 /* [CP] Embed Pods Frameworks */ = {
			isa = PBXShellScriptBuildPhase;
			buildActionMask = 2147483647;
			files = (
			);
			inputFileListPaths = (
			);
			inputPaths = (
				"${PODS_ROOT}/Target Support Files/Pods-iTiluz/Pods-iTiluz-frameworks.sh",
				"${BUILT_PRODUCTS_DIR}/Alamofire/Alamofire.framework",
			);
			name = "[CP] Embed Pods Frameworks";
			outputFileListPaths = (
			);
			outputPaths = (
				"${TARGET_BUILD_DIR}/${FRAMEWORKS_FOLDER_PATH}/Alamofire.framework",
			);
			runOnlyForDeploymentPostprocessing = 0;
			shellPath = /bin/sh;
			shellScript = "\"${PODS_ROOT}/Target Support Files/Pods-iTiluz/Pods-iTiluz-frameworks.sh\"\n";
			showEnvVarsInLog = 0;
		};
/* End PBXShellScriptBuildPhase section */

/* Begin PBXSourcesBuildPhase section */
		CC2B9802228898CF00CE55A4 /* Sources */ = {
			isa = PBXSourcesBuildPhase;
			buildActionMask = 2147483647;
			files = (
				CC2B980E228898D000CE55A4 /* SavedViewController.swift in Sources */,
				CC2B980A228898D000CE55A4 /* AppDelegate.swift in Sources */,
				CC2B980C228898D000CE55A4 /* TranslateViewController.swift in Sources */,
				CC788DED2288E2C80014AFEA /* SettingsViewController.swift in Sources */,
			);
			runOnlyForDeploymentPostprocessing = 0;
		};
/* End PBXSourcesBuildPhase section */

/* Begin PBXVariantGroup section */
		CC2B980F228898D000CE55A4 /* Main.storyboard */ = {
			isa = PBXVariantGroup;
			children = (
				CC2B9810228898D000CE55A4 /* Base */,
			);
			name = Main.storyboard;
			sourceTree = "<group>";
		};
		CC2B9814228898D100CE55A4 /* LaunchScreen.storyboard */ = {
			isa = PBXVariantGroup;
			children = (
				CC2B9815228898D100CE55A4 /* Base */,
			);
			name = LaunchScreen.storyboard;
			sourceTree = "<group>";
		};
/* End PBXVariantGroup section */

/* Begin XCBuildConfiguration section */
		CC2B9818228898D100CE55A4 /* Debug */ = {
			isa = XCBuildConfiguration;
			buildSettings = {
				ALWAYS_SEARCH_USER_PATHS = NO;
				CLANG_ANALYZER_NONNULL = YES;
				CLANG_ANALYZER_NUMBER_OBJECT_CONVERSION = YES_AGGRESSIVE;
				CLANG_CXX_LANGUAGE_STANDARD = "gnu++14";
				CLANG_CXX_LIBRARY = "libc++";
				CLANG_ENABLE_MODULES = YES;
				CLANG_ENABLE_OBJC_ARC = YES;
				CLANG_ENABLE_OBJC_WEAK = YES;
				CLANG_WARN_BLOCK_CAPTURE_AUTORELEASING = YES;
				CLANG_WARN_BOOL_CONVERSION = YES;
				CLANG_WARN_COMMA = YES;
				CLANG_WARN_CONSTANT_CONVERSION = YES;
				CLANG_WARN_DEPRECATED_OBJC_IMPLEMENTATIONS = YES;
				CLANG_WARN_DIRECT_OBJC_ISA_USAGE = YES_ERROR;
				CLANG_WARN_DOCUMENTATION_COMMENTS = YES;
				CLANG_WARN_EMPTY_BODY = YES;
				CLANG_WARN_ENUM_CONVERSION = YES;
				CLANG_WARN_INFINITE_RECURSION = YES;
				CLANG_WARN_INT_CONVERSION = YES;
				CLANG_WARN_NON_LITERAL_NULL_CONVERSION = YES;
				CLANG_WARN_OBJC_IMPLICIT_RETAIN_SELF = YES;
				CLANG_WARN_OBJC_LITERAL_CONVERSION = YES;
				CLANG_WARN_OBJC_ROOT_CLASS = YES_ERROR;
				CLANG_WARN_RANGE_LOOP_ANALYSIS = YES;
				CLANG_WARN_STRICT_PROTOTYPES = YES;
				CLANG_WARN_SUSPICIOUS_MOVE = YES;
				CLANG_WARN_UNGUARDED_AVAILABILITY = YES_AGGRESSIVE;
				CLANG_WARN_UNREACHABLE_CODE = YES;
				CLANG_WARN__DUPLICATE_METHOD_MATCH = YES;
				CODE_SIGN_IDENTITY = "iPhone Developer";
				COPY_PHASE_STRIP = NO;
				DEBUG_INFORMATION_FORMAT = dwarf;
				ENABLE_STRICT_OBJC_MSGSEND = YES;
				ENABLE_TESTABILITY = YES;
				GCC_C_LANGUAGE_STANDARD = gnu11;
				GCC_DYNAMIC_NO_PIC = NO;
				GCC_NO_COMMON_BLOCKS = YES;
				GCC_OPTIMIZATION_LEVEL = 0;
				GCC_PREPROCESSOR_DEFINITIONS = (
					"DEBUG=1",
					"$(inherited)",
				);
				GCC_WARN_64_TO_32_BIT_CONVERSION = YES;
				GCC_WARN_ABOUT_RETURN_TYPE = YES_ERROR;
				GCC_WARN_UNDECLARED_SELECTOR = YES;
				GCC_WARN_UNINITIALIZED_AUTOS = YES_AGGRESSIVE;
				GCC_WARN_UNUSED_FUNCTION = YES;
				GCC_WARN_UNUSED_VARIABLE = YES;
				IPHONEOS_DEPLOYMENT_TARGET = 12.2;
				MTL_ENABLE_DEBUG_INFO = INCLUDE_SOURCE;
				MTL_FAST_MATH = YES;
				ONLY_ACTIVE_ARCH = YES;
				SDKROOT = iphoneos;
				SWIFT_ACTIVE_COMPILATION_CONDITIONS = DEBUG;
				SWIFT_OPTIMIZATION_LEVEL = "-Onone";
			};
			name = Debug;
		};
		CC2B9819228898D100CE55A4 /* Release */ = {
			isa = XCBuildConfiguration;
			buildSettings = {
				ALWAYS_SEARCH_USER_PATHS = NO;
				CLANG_ANALYZER_NONNULL = YES;
				CLANG_ANALYZER_NUMBER_OBJECT_CONVERSION = YES_AGGRESSIVE;
				CLANG_CXX_LANGUAGE_STANDARD = "gnu++14";
				CLANG_CXX_LIBRARY = "libc++";
				CLANG_ENABLE_MODULES = YES;
				CLANG_ENABLE_OBJC_ARC = YES;
				CLANG_ENABLE_OBJC_WEAK = YES;
				CLANG_WARN_BLOCK_CAPTURE_AUTORELEASING = YES;
				CLANG_WARN_BOOL_CONVERSION = YES;
				CLANG_WARN_COMMA = YES;
				CLANG_WARN_CONSTANT_CONVERSION = YES;
				CLANG_WARN_DEPRECATED_OBJC_IMPLEMENTATIONS = YES;
				CLANG_WARN_DIRECT_OBJC_ISA_USAGE = YES_ERROR;
				CLANG_WARN_DOCUMENTATION_COMMENTS = YES;
				CLANG_WARN_EMPTY_BODY = YES;
				CLANG_WARN_ENUM_CONVERSION = YES;
				CLANG_WARN_INFINITE_RECURSION = YES;
				CLANG_WARN_INT_CONVERSION = YES;
				CLANG_WARN_NON_LITERAL_NULL_CONVERSION = YES;
				CLANG_WARN_OBJC_IMPLICIT_RETAIN_SELF = YES;
				CLANG_WARN_OBJC_LITERAL_CONVERSION = YES;
				CLANG_WARN_OBJC_ROOT_CLASS = YES_ERROR;
				CLANG_WARN_RANGE_LOOP_ANALYSIS = YES;
				CLANG_WARN_STRICT_PROTOTYPES = YES;
				CLANG_WARN_SUSPICIOUS_MOVE = YES;
				CLANG_WARN_UNGUARDED_AVAILABILITY = YES_AGGRESSIVE;
				CLANG_WARN_UNREACHABLE_CODE = YES;
				CLANG_WARN__DUPLICATE_METHOD_MATCH = YES;
				CODE_SIGN_IDENTITY = "iPhone Developer";
				COPY_PHASE_STRIP = NO;
				DEBUG_INFORMATION_FORMAT = "dwarf-with-dsym";
				ENABLE_NS_ASSERTIONS = NO;
				ENABLE_STRICT_OBJC_MSGSEND = YES;
				GCC_C_LANGUAGE_STANDARD = gnu11;
				GCC_NO_COMMON_BLOCKS = YES;
				GCC_WARN_64_TO_32_BIT_CONVERSION = YES;
				GCC_WARN_ABOUT_RETURN_TYPE = YES_ERROR;
				GCC_WARN_UNDECLARED_SELECTOR = YES;
				GCC_WARN_UNINITIALIZED_AUTOS = YES_AGGRESSIVE;
				GCC_WARN_UNUSED_FUNCTION = YES;
				GCC_WARN_UNUSED_VARIABLE = YES;
				IPHONEOS_DEPLOYMENT_TARGET = 12.2;
				MTL_ENABLE_DEBUG_INFO = NO;
				MTL_FAST_MATH = YES;
				SDKROOT = iphoneos;
				SWIFT_COMPILATION_MODE = wholemodule;
				SWIFT_OPTIMIZATION_LEVEL = "-O";
				VALIDATE_PRODUCT = YES;
			};
			name = Release;
		};
		CC2B981B228898D100CE55A4 /* Debug */ = {
			isa = XCBuildConfiguration;
			baseConfigurationReference = E35087A1A014D5924EC77881 /* Pods-iTiluz.debug.xcconfig */;
			buildSettings = {
				ASSETCATALOG_COMPILER_APPICON_NAME = AppIcon;
				CODE_SIGN_STYLE = Automatic;
				DEVELOPMENT_TEAM = 8VN4UE7229;
				INFOPLIST_FILE = iTiluz/Info.plist;
				LD_RUNPATH_SEARCH_PATHS = (
					"$(inherited)",
					"@executable_path/Frameworks",
				);
				PRODUCT_BUNDLE_IDENTIFIER = com.github.jkhusanov.iTiluz;
				PRODUCT_NAME = "$(TARGET_NAME)";
				SWIFT_VERSION = 5.0;
				TARGETED_DEVICE_FAMILY = "1,2";
			};
			name = Debug;
		};
		CC2B981C228898D100CE55A4 /* Release */ = {
			isa = XCBuildConfiguration;
			baseConfigurationReference = 9C9A35426C4AF4BFA5FEE6EC /* Pods-iTiluz.release.xcconfig */;
			buildSettings = {
				ASSETCATALOG_COMPILER_APPICON_NAME = AppIcon;
				CODE_SIGN_STYLE = Automatic;
				DEVELOPMENT_TEAM = 8VN4UE7229;
				INFOPLIST_FILE = iTiluz/Info.plist;
				LD_RUNPATH_SEARCH_PATHS = (
					"$(inherited)",
					"@executable_path/Frameworks",
				);
				PRODUCT_BUNDLE_IDENTIFIER = com.github.jkhusanov.iTiluz;
				PRODUCT_NAME = "$(TARGET_NAME)";
				SWIFT_VERSION = 5.0;
				TARGETED_DEVICE_FAMILY = "1,2";
			};
			name = Release;
		};
/* End XCBuildConfiguration section */

/* Begin XCConfigurationList section */
		CC2B9801228898CF00CE55A4 /* Build configuration list for PBXProject "iTiluz" */ = {
			isa = XCConfigurationList;
			buildConfigurations = (
				CC2B9818228898D100CE55A4 /* Debug */,
				CC2B9819228898D100CE55A4 /* Release */,
			);
			defaultConfigurationIsVisible = 0;
			defaultConfigurationName = Release;
		};
		CC2B981A228898D100CE55A4 /* Build configuration list for PBXNativeTarget "iTiluz" */ = {
			isa = XCConfigurationList;
			buildConfigurations = (
				CC2B981B228898D100CE55A4 /* Debug */,
				CC2B981C228898D100CE55A4 /* Release */,
			);
			defaultConfigurationIsVisible = 0;
			defaultConfigurationName = Release;
		};
/* End XCConfigurationList section */
	};
	rootObject = CC2B97FE228898CF00CE55A4 /* Project object */;
}
